
Microsoft Visual Studio Solution File, Format Version 12.00
# Visual Studio 15
VisualStudioVersion = 15.0.27703.2018
MinimumVisualStudioVersion = 10.0.40219.1
Project("{FAE04EC0-301F-11D3-BF4B-00C04F79EFBC}") = "GestorDePersonasWForm", "PruebaWindowsForm\GestorDePersonasWForm.csproj", "{DD4F945C-33DA-4795-9161-5C60B8A81AAE}"
EndProject
Global
	GlobalSection(SolutionConfigurationPlatforms) = preSolution
		Debug|Any CPU = Debug|Any CPU
		Release|Any CPU = Release|Any CPU
	EndGlobalSection
	GlobalSection(ProjectConfigurationPlatforms) = postSolution
		{DD4F945C-33DA-4795-9161-5C60B8A81AAE}.Debug|Any CPU.ActiveCfg = Debug|Any CPU
		{DD4F945C-33DA-4795-9161-5C60B8A81AAE}.Debug|Any CPU.Build.0 = Debug|Any CPU
		{DD4F945C-33DA-4795-9161-5C60B8A81AAE}.Release|Any CPU.ActiveCfg = Release|Any CPU
		{DD4F945C-33DA-4795-9161-5C60B8A81AAE}.Release|Any CPU.Build.0 = Release|Any CPU
	EndGlobalSection
	GlobalSection(SolutionProperties) = preSolution
		HideSolutionNode = FALSE
	EndGlobalSection
	GlobalSection(ExtensibilityGlobals) = postSolution
		SolutionGuid = {2AE4BBDD-D494-4B0C-8A9F-E0E997516FF5}
	EndGlobalSection
EndGlobal
